
Microsoft Visual Studio Solution File, Format Version 12.00
# Visual Studio Version 16
VisualStudioVersion = 16.0.30907.101
MinimumVisualStudioVersion = 10.0.40219.1
Project("{FAE04EC0-301F-11D3-BF4B-00C04F79EFBC}") = "frmPrincipal", "frmPrincipal\frmPrincipal.csproj", "{0516332F-05E3-4EDA-8632-C78CB6CF742F}"
EndProject
Global
	GlobalSection(SolutionConfigurationPlatforms) = preSolution
		Debug|Any CPU = Debug|Any CPU
		Release|Any CPU = Release|Any CPU
	EndGlobalSection
	GlobalSection(ProjectConfigurationPlatforms) = postSolution
		{0516332F-05E3-4EDA-8632-C78CB6CF742F}.Debug|Any CPU.ActiveCfg = Debug|Any CPU
		{0516332F-05E3-4EDA-8632-C78CB6CF742F}.Debug|Any CPU.Build.0 = Debug|Any CPU
		{0516332F-05E3-4EDA-8632-C78CB6CF742F}.Release|Any CPU.ActiveCfg = Release|Any CPU
		{0516332F-05E3-4EDA-8632-C78CB6CF742F}.Release|Any CPU.Build.0 = Release|Any CPU
	EndGlobalSection
	GlobalSection(SolutionProperties) = preSolution
		HideSolutionNode = FALSE
	EndGlobalSection
	GlobalSection(ExtensibilityGlobals) = postSolution
		SolutionGuid = {09A81273-2F76-4AE4-929F-846C8016EFE8}
	EndGlobalSection
EndGlobal
